
Microsoft Visual Studio Solution File, Format Version 12.00
# Visual Studio 15
VisualStudioVersion = 15.0.28307.489
MinimumVisualStudioVersion = 10.0.40219.1
Project("{FAE04EC0-301F-11D3-BF4B-00C04F79EFBC}") = "CurvedCS", "CurvedCS\CurvedCS.csproj", "{D3E86C6F-B780-46A7-BDF3-E9B7661F0EBC}"
EndProject
Global
	GlobalSection(SolutionConfigurationPlatforms) = preSolution
		Debug|Any CPU = Debug|Any CPU
		Release|Any CPU = Release|Any CPU
	EndGlobalSection
	GlobalSection(ProjectConfigurationPlatforms) = postSolution
		{D3E86C6F-B780-46A7-BDF3-E9B7661F0EBC}.Debug|Any CPU.ActiveCfg = Debug|Any CPU
		{D3E86C6F-B780-46A7-BDF3-E9B7661F0EBC}.Debug|Any CPU.Build.0 = Debug|Any CPU
		{D3E86C6F-B780-46A7-BDF3-E9B7661F0EBC}.Release|Any CPU.ActiveCfg = Release|Any CPU
		{D3E86C6F-B780-46A7-BDF3-E9B7661F0EBC}.Release|Any CPU.Build.0 = Release|Any CPU
	EndGlobalSection
	GlobalSection(SolutionProperties) = preSolution
		HideSolutionNode = FALSE
	EndGlobalSection
	GlobalSection(ExtensibilityGlobals) = postSolution
		SolutionGuid = {352E3433-61D1-40BD-81E0-5C56FE612826}
	EndGlobalSection
EndGlobal
